
Microsoft Visual Studio Solution File, Format Version 12.00
# Visual Studio 2013
VisualStudioVersion = 12.0.21005.1
MinimumVisualStudioVersion = 10.0.40219.1
Project("{FAE04EC0-301F-11D3-BF4B-00C04F79EFBC}") = "war_game_simulator", "war_game_simulator\war_game_simulator.csproj", "{147AE201-2575-4001-902E-A86D34BB61FC}"
EndProject
Global
	GlobalSection(SolutionConfigurationPlatforms) = preSolution
		Debug|Any CPU = Debug|Any CPU
		Release|Any CPU = Release|Any CPU
	EndGlobalSection
	GlobalSection(ProjectConfigurationPlatforms) = postSolution
		{147AE201-2575-4001-902E-A86D34BB61FC}.Debug|Any CPU.ActiveCfg = Debug|Any CPU
		{147AE201-2575-4001-902E-A86D34BB61FC}.Debug|Any CPU.Build.0 = Debug|Any CPU
		{147AE201-2575-4001-902E-A86D34BB61FC}.Release|Any CPU.ActiveCfg = Release|Any CPU
		{147AE201-2575-4001-902E-A86D34BB61FC}.Release|Any CPU.Build.0 = Release|Any CPU
	EndGlobalSection
	GlobalSection(SolutionProperties) = preSolution
		HideSolutionNode = FALSE
	EndGlobalSection
EndGlobal
